
Microsoft Visual Studio Solution File, Format Version 12.00
# Visual Studio 2012
Project("{FAE04EC0-301F-11D3-BF4B-00C04F79EFBC}") = "UI.Dos", "UI.Dos\UI.Dos.csproj", "{B1720E1D-A5C8-4504-8BE0-439CE6816ECB}"
EndProject
Project("{FAE04EC0-301F-11D3-BF4B-00C04F79EFBC}") = "TiSelvagem.Repositorio", "TiSelvagem.Repositorio\TiSelvagem.Repositorio.csproj", "{8D8E63C6-CDB6-42CC-92A4-F2D805D8023E}"
EndProject
Project("{FAE04EC0-301F-11D3-BF4B-00C04F79EFBC}") = "TISelvagem.Dominio", "TISelvagem.Dominio\TISelvagem.Dominio.csproj", "{A2CC120A-75AD-477A-9EEF-5682E9ADF1C4}"
EndProject
Project("{FAE04EC0-301F-11D3-BF4B-00C04F79EFBC}") = "TISelvagem.Aplicacao", "TISelvagem.Aplicacao\TISelvagem.Aplicacao.csproj", "{4BB31F80-5CA4-425A-A165-B3384D651D4E}"
EndProject
Project("{FAE04EC0-301F-11D3-BF4B-00C04F79EFBC}") = "TISelvagem.UI.Web", "TISelvagem.UI.Web\TISelvagem.UI.Web.csproj", "{725E0F9B-16FB-4425-A6C2-F06026B06FE1}"
EndProject
Project("{FAE04EC0-301F-11D3-BF4B-00C04F79EFBC}") = "TISelvagem.RepositorioMongo", "TISelvagem.RepositorioMongo\TISelvagem.RepositorioMongo.csproj", "{586157C6-228D-42BF-8018-E13398492DE2}"
EndProject
Project("{2150E333-8FDC-42A3-9474-1A3956D46DE8}") = ".nuget", ".nuget", "{DC77617D-2C0C-4450-86B0-878C29143D6A}"
	ProjectSection(SolutionItems) = preProject
		.nuget\NuGet.Config = .nuget\NuGet.Config
		.nuget\NuGet.exe = .nuget\NuGet.exe
		.nuget\NuGet.targets = .nuget\NuGet.targets
	EndProjectSection
EndProject
Project("{FAE04EC0-301F-11D3-BF4B-00C04F79EFBC}") = "TISelvagem.RepositorioEF", "TISelvagem.RepositorioEF\TISelvagem.RepositorioEF.csproj", "{0D75A13D-0BED-4ED2-978F-34976102B85F}"
EndProject
Global
	GlobalSection(SolutionConfigurationPlatforms) = preSolution
		Debug|Any CPU = Debug|Any CPU
		Release|Any CPU = Release|Any CPU
	EndGlobalSection
	GlobalSection(ProjectConfigurationPlatforms) = postSolution
		{B1720E1D-A5C8-4504-8BE0-439CE6816ECB}.Debug|Any CPU.ActiveCfg = Debug|Any CPU
		{B1720E1D-A5C8-4504-8BE0-439CE6816ECB}.Debug|Any CPU.Build.0 = Debug|Any CPU
		{B1720E1D-A5C8-4504-8BE0-439CE6816ECB}.Release|Any CPU.ActiveCfg = Release|Any CPU
		{B1720E1D-A5C8-4504-8BE0-439CE6816ECB}.Release|Any CPU.Build.0 = Release|Any CPU
		{8D8E63C6-CDB6-42CC-92A4-F2D805D8023E}.Debug|Any CPU.ActiveCfg = Debug|Any CPU
		{8D8E63C6-CDB6-42CC-92A4-F2D805D8023E}.Debug|Any CPU.Build.0 = Debug|Any CPU
		{8D8E63C6-CDB6-42CC-92A4-F2D805D8023E}.Release|Any CPU.ActiveCfg = Release|Any CPU
		{8D8E63C6-CDB6-42CC-92A4-F2D805D8023E}.Release|Any CPU.Build.0 = Release|Any CPU
		{A2CC120A-75AD-477A-9EEF-5682E9ADF1C4}.Debug|Any CPU.ActiveCfg = Debug|Any CPU
		{A2CC120A-75AD-477A-9EEF-5682E9ADF1C4}.Debug|Any CPU.Build.0 = Debug|Any CPU
		{A2CC120A-75AD-477A-9EEF-5682E9ADF1C4}.Release|Any CPU.ActiveCfg = Release|Any CPU
		{A2CC120A-75AD-477A-9EEF-5682E9ADF1C4}.Release|Any CPU.Build.0 = Release|Any CPU
		{4BB31F80-5CA4-425A-A165-B3384D651D4E}.Debug|Any CPU.ActiveCfg = Debug|Any CPU
		{4BB31F80-5CA4-425A-A165-B3384D651D4E}.Debug|Any CPU.Build.0 = Debug|Any CPU
		{4BB31F80-5CA4-425A-A165-B3384D651D4E}.Release|Any CPU.ActiveCfg = Release|Any CPU
		{4BB31F80-5CA4-425A-A165-B3384D651D4E}.Release|Any CPU.Build.0 = Release|Any CPU
		{725E0F9B-16FB-4425-A6C2-F06026B06FE1}.Debug|Any CPU.ActiveCfg = Debug|Any CPU
		{725E0F9B-16FB-4425-A6C2-F06026B06FE1}.Debug|Any CPU.Build.0 = Debug|Any CPU
		{725E0F9B-16FB-4425-A6C2-F06026B06FE1}.Release|Any CPU.ActiveCfg = Release|Any CPU
		{725E0F9B-16FB-4425-A6C2-F06026B06FE1}.Release|Any CPU.Build.0 = Release|Any CPU
		{586157C6-228D-42BF-8018-E13398492DE2}.Debug|Any CPU.ActiveCfg = Debug|Any CPU
		{586157C6-228D-42BF-8018-E13398492DE2}.Debug|Any CPU.Build.0 = Debug|Any CPU
		{586157C6-228D-42BF-8018-E13398492DE2}.Release|Any CPU.ActiveCfg = Release|Any CPU
		{586157C6-228D-42BF-8018-E13398492DE2}.Release|Any CPU.Build.0 = Release|Any CPU
		{0D75A13D-0BED-4ED2-978F-34976102B85F}.Debug|Any CPU.ActiveCfg = Debug|Any CPU
		{0D75A13D-0BED-4ED2-978F-34976102B85F}.Debug|Any CPU.Build.0 = Debug|Any CPU
		{0D75A13D-0BED-4ED2-978F-34976102B85F}.Release|Any CPU.ActiveCfg = Release|Any CPU
		{0D75A13D-0BED-4ED2-978F-34976102B85F}.Release|Any CPU.Build.0 = Release|Any CPU
	EndGlobalSection
	GlobalSection(SolutionProperties) = preSolution
		HideSolutionNode = FALSE
	EndGlobalSection
EndGlobal
